
Microsoft Visual Studio Solution File, Format Version 12.00
# Visual Studio Version 16
VisualStudioVersion = 16.0.34301.259
MinimumVisualStudioVersion = 10.0.40219.1
Project("{FAE04EC0-301F-11D3-BF4B-00C04F79EFBC}") = "AlmoOS", "AlmoOS\AlmoOS.csproj", "{F6664837-A496-433E-A71A-D073E789C63D}"
EndProject
Project("{2150E333-8FDC-42A3-9474-1A3956D46DE8}") = "Solution Items", "Solution Items", "{051DE7CC-C541-40C8-8E51-6EE071B8EC83}"
EndProject
Global
	GlobalSection(SolutionConfigurationPlatforms) = preSolution
		Debug|Any CPU = Debug|Any CPU
		Release|Any CPU = Release|Any CPU
	EndGlobalSection
	GlobalSection(ProjectConfigurationPlatforms) = postSolution
		{F6664837-A496-433E-A71A-D073E789C63D}.Debug|Any CPU.ActiveCfg = Debug|Any CPU
		{F6664837-A496-433E-A71A-D073E789C63D}.Debug|Any CPU.Build.0 = Debug|Any CPU
		{F6664837-A496-433E-A71A-D073E789C63D}.Release|Any CPU.ActiveCfg = Release|Any CPU
		{F6664837-A496-433E-A71A-D073E789C63D}.Release|Any CPU.Build.0 = Release|Any CPU
	EndGlobalSection
	GlobalSection(SolutionProperties) = preSolution
		HideSolutionNode = FALSE
	EndGlobalSection
	GlobalSection(ExtensibilityGlobals) = postSolution
		SolutionGuid = {6401B223-8A2B-40D3-9216-A18D7BB8FDB3}
	EndGlobalSection
EndGlobal
